
Microsoft Visual Studio Solution File, Format Version 12.00
# Visual Studio Version 17
Project("{8BC9CEB8-8B4A-11D0-8D11-00A0C91BC942}") = "ALL_BUILD", "ALL_BUILD.vcxproj", "{49235DF1-C7AC-3B9F-AA18-A68EA2274A65}"
	ProjectSection(ProjectDependencies) = postProject
		{D3B04DBE-C25F-37F3-8AF5-87A320403BB8} = {D3B04DBE-C25F-37F3-8AF5-87A320403BB8}
		{670F6761-45ED-3E85-A97E-2882DE8C68A1} = {670F6761-45ED-3E85-A97E-2882DE8C68A1}
		{F07D4D58-4B4D-3CFE-BD36-0A48FA109254} = {F07D4D58-4B4D-3CFE-BD36-0A48FA109254}
		{8D13B944-C26A-3ABD-9EFD-9009240C7EB2} = {8D13B944-C26A-3ABD-9EFD-9009240C7EB2}
		{0BB3A5AE-67A9-37F9-9D81-84CFC343EDA2} = {0BB3A5AE-67A9-37F9-9D81-84CFC343EDA2}
		{63F7445D-1CD9-3FD4-8B9E-3E9CF22820B1} = {63F7445D-1CD9-3FD4-8B9E-3E9CF22820B1}
		{BCE3F08D-C286-3348-93D1-6A7C836C8A72} = {BCE3F08D-C286-3348-93D1-6A7C836C8A72}
	EndProjectSection
EndProject
Project("{8BC9CEB8-8B4A-11D0-8D11-00A0C91BC942}") = "00_hello_world", "examples\00_hello_world.vcxproj", "{D3B04DBE-C25F-37F3-8AF5-87A320403BB8}"
	ProjectSection(ProjectDependencies) = postProject
		{BCE3F08D-C286-3348-93D1-6A7C836C8A72} = {BCE3F08D-C286-3348-93D1-6A7C836C8A72}
	EndProjectSection
EndProject
Project("{8BC9CEB8-8B4A-11D0-8D11-00A0C91BC942}") = "01_hello_world", "examples\01_hello_world.vcxproj", "{670F6761-45ED-3E85-A97E-2882DE8C68A1}"
	ProjectSection(ProjectDependencies) = postProject
		{BCE3F08D-C286-3348-93D1-6A7C836C8A72} = {BCE3F08D-C286-3348-93D1-6A7C836C8A72}
	EndProjectSection
EndProject
Project("{8BC9CEB8-8B4A-11D0-8D11-00A0C91BC942}") = "02_hello_sdl", "examples\02_hello_sdl.vcxproj", "{F07D4D58-4B4D-3CFE-BD36-0A48FA109254}"
	ProjectSection(ProjectDependencies) = postProject
		{8D13B944-C26A-3ABD-9EFD-9009240C7EB2} = {8D13B944-C26A-3ABD-9EFD-9009240C7EB2}
		{BCE3F08D-C286-3348-93D1-6A7C836C8A72} = {BCE3F08D-C286-3348-93D1-6A7C836C8A72}
	EndProjectSection
EndProject
Project("{8BC9CEB8-8B4A-11D0-8D11-00A0C91BC942}") = "SDL3-shared", "lib\SDL\SDL3-shared.vcxproj", "{8D13B944-C26A-3ABD-9EFD-9009240C7EB2}"
	ProjectSection(ProjectDependencies) = postProject
		{63F7445D-1CD9-3FD4-8B9E-3E9CF22820B1} = {63F7445D-1CD9-3FD4-8B9E-3E9CF22820B1}
		{BCE3F08D-C286-3348-93D1-6A7C836C8A72} = {BCE3F08D-C286-3348-93D1-6A7C836C8A72}
	EndProjectSection
EndProject
Project("{8BC9CEB8-8B4A-11D0-8D11-00A0C91BC942}") = "SDL3_test", "lib\SDL\SDL3_test.vcxproj", "{0BB3A5AE-67A9-37F9-9D81-84CFC343EDA2}"
	ProjectSection(ProjectDependencies) = postProject
		{BCE3F08D-C286-3348-93D1-6A7C836C8A72} = {BCE3F08D-C286-3348-93D1-6A7C836C8A72}
	EndProjectSection
EndProject
Project("{8BC9CEB8-8B4A-11D0-8D11-00A0C91BC942}") = "SDL_uclibc", "lib\SDL\SDL_uclibc.vcxproj", "{63F7445D-1CD9-3FD4-8B9E-3E9CF22820B1}"
	ProjectSection(ProjectDependencies) = postProject
		{BCE3F08D-C286-3348-93D1-6A7C836C8A72} = {BCE3F08D-C286-3348-93D1-6A7C836C8A72}
	EndProjectSection
EndProject
Project("{8BC9CEB8-8B4A-11D0-8D11-00A0C91BC942}") = "ZERO_CHECK", "ZERO_CHECK.vcxproj", "{BCE3F08D-C286-3348-93D1-6A7C836C8A72}"
	ProjectSection(ProjectDependencies) = postProject
	EndProjectSection
EndProject
Global
	GlobalSection(SolutionConfigurationPlatforms) = preSolution
		Debug|x64 = Debug|x64
		Release|x64 = Release|x64
		MinSizeRel|x64 = MinSizeRel|x64
		RelWithDebInfo|x64 = RelWithDebInfo|x64
	EndGlobalSection
	GlobalSection(ProjectConfigurationPlatforms) = postSolution
		{49235DF1-C7AC-3B9F-AA18-A68EA2274A65}.Debug|x64.ActiveCfg = Debug|x64
		{49235DF1-C7AC-3B9F-AA18-A68EA2274A65}.Release|x64.ActiveCfg = Release|x64
		{49235DF1-C7AC-3B9F-AA18-A68EA2274A65}.MinSizeRel|x64.ActiveCfg = MinSizeRel|x64
		{49235DF1-C7AC-3B9F-AA18-A68EA2274A65}.RelWithDebInfo|x64.ActiveCfg = RelWithDebInfo|x64
		{D3B04DBE-C25F-37F3-8AF5-87A320403BB8}.Debug|x64.ActiveCfg = Debug|x64
		{D3B04DBE-C25F-37F3-8AF5-87A320403BB8}.Debug|x64.Build.0 = Debug|x64
		{D3B04DBE-C25F-37F3-8AF5-87A320403BB8}.Release|x64.ActiveCfg = Release|x64
		{D3B04DBE-C25F-37F3-8AF5-87A320403BB8}.Release|x64.Build.0 = Release|x64
		{D3B04DBE-C25F-37F3-8AF5-87A320403BB8}.MinSizeRel|x64.ActiveCfg = MinSizeRel|x64
		{D3B04DBE-C25F-37F3-8AF5-87A320403BB8}.MinSizeRel|x64.Build.0 = MinSizeRel|x64
		{D3B04DBE-C25F-37F3-8AF5-87A320403BB8}.RelWithDebInfo|x64.ActiveCfg = RelWithDebInfo|x64
		{D3B04DBE-C25F-37F3-8AF5-87A320403BB8}.RelWithDebInfo|x64.Build.0 = RelWithDebInfo|x64
		{670F6761-45ED-3E85-A97E-2882DE8C68A1}.Debug|x64.ActiveCfg = Debug|x64
		{670F6761-45ED-3E85-A97E-2882DE8C68A1}.Debug|x64.Build.0 = Debug|x64
		{670F6761-45ED-3E85-A97E-2882DE8C68A1}.Release|x64.ActiveCfg = Release|x64
		{670F6761-45ED-3E85-A97E-2882DE8C68A1}.Release|x64.Build.0 = Release|x64
		{670F6761-45ED-3E85-A97E-2882DE8C68A1}.MinSizeRel|x64.ActiveCfg = MinSizeRel|x64
		{670F6761-45ED-3E85-A97E-2882DE8C68A1}.MinSizeRel|x64.Build.0 = MinSizeRel|x64
		{670F6761-45ED-3E85-A97E-2882DE8C68A1}.RelWithDebInfo|x64.ActiveCfg = RelWithDebInfo|x64
		{670F6761-45ED-3E85-A97E-2882DE8C68A1}.RelWithDebInfo|x64.Build.0 = RelWithDebInfo|x64
		{F07D4D58-4B4D-3CFE-BD36-0A48FA109254}.Debug|x64.ActiveCfg = Debug|x64
		{F07D4D58-4B4D-3CFE-BD36-0A48FA109254}.Debug|x64.Build.0 = Debug|x64
		{F07D4D58-4B4D-3CFE-BD36-0A48FA109254}.Release|x64.ActiveCfg = Release|x64
		{F07D4D58-4B4D-3CFE-BD36-0A48FA109254}.Release|x64.Build.0 = Release|x64
		{F07D4D58-4B4D-3CFE-BD36-0A48FA109254}.MinSizeRel|x64.ActiveCfg = MinSizeRel|x64
		{F07D4D58-4B4D-3CFE-BD36-0A48FA109254}.MinSizeRel|x64.Build.0 = MinSizeRel|x64
		{F07D4D58-4B4D-3CFE-BD36-0A48FA109254}.RelWithDebInfo|x64.ActiveCfg = RelWithDebInfo|x64
		{F07D4D58-4B4D-3CFE-BD36-0A48FA109254}.RelWithDebInfo|x64.Build.0 = RelWithDebInfo|x64
		{8D13B944-C26A-3ABD-9EFD-9009240C7EB2}.Debug|x64.ActiveCfg = Debug|x64
		{8D13B944-C26A-3ABD-9EFD-9009240C7EB2}.Debug|x64.Build.0 = Debug|x64
		{8D13B944-C26A-3ABD-9EFD-9009240C7EB2}.Release|x64.ActiveCfg = Release|x64
		{8D13B944-C26A-3ABD-9EFD-9009240C7EB2}.Release|x64.Build.0 = Release|x64
		{8D13B944-C26A-3ABD-9EFD-9009240C7EB2}.MinSizeRel|x64.ActiveCfg = MinSizeRel|x64
		{8D13B944-C26A-3ABD-9EFD-9009240C7EB2}.MinSizeRel|x64.Build.0 = MinSizeRel|x64
		{8D13B944-C26A-3ABD-9EFD-9009240C7EB2}.RelWithDebInfo|x64.ActiveCfg = RelWithDebInfo|x64
		{8D13B944-C26A-3ABD-9EFD-9009240C7EB2}.RelWithDebInfo|x64.Build.0 = RelWithDebInfo|x64
		{0BB3A5AE-67A9-37F9-9D81-84CFC343EDA2}.Debug|x64.ActiveCfg = Debug|x64
		{0BB3A5AE-67A9-37F9-9D81-84CFC343EDA2}.Debug|x64.Build.0 = Debug|x64
		{0BB3A5AE-67A9-37F9-9D81-84CFC343EDA2}.Release|x64.ActiveCfg = Release|x64
		{0BB3A5AE-67A9-37F9-9D81-84CFC343EDA2}.Release|x64.Build.0 = Release|x64
		{0BB3A5AE-67A9-37F9-9D81-84CFC343EDA2}.MinSizeRel|x64.ActiveCfg = MinSizeRel|x64
		{0BB3A5AE-67A9-37F9-9D81-84CFC343EDA2}.MinSizeRel|x64.Build.0 = MinSizeRel|x64
		{0BB3A5AE-67A9-37F9-9D81-84CFC343EDA2}.RelWithDebInfo|x64.ActiveCfg = RelWithDebInfo|x64
		{0BB3A5AE-67A9-37F9-9D81-84CFC343EDA2}.RelWithDebInfo|x64.Build.0 = RelWithDebInfo|x64
		{63F7445D-1CD9-3FD4-8B9E-3E9CF22820B1}.Debug|x64.ActiveCfg = Debug|x64
		{63F7445D-1CD9-3FD4-8B9E-3E9CF22820B1}.Debug|x64.Build.0 = Debug|x64
		{63F7445D-1CD9-3FD4-8B9E-3E9CF22820B1}.Release|x64.ActiveCfg = Release|x64
		{63F7445D-1CD9-3FD4-8B9E-3E9CF22820B1}.Release|x64.Build.0 = Release|x64
		{63F7445D-1CD9-3FD4-8B9E-3E9CF22820B1}.MinSizeRel|x64.ActiveCfg = MinSizeRel|x64
		{63F7445D-1CD9-3FD4-8B9E-3E9CF22820B1}.MinSizeRel|x64.Build.0 = MinSizeRel|x64
		{63F7445D-1CD9-3FD4-8B9E-3E9CF22820B1}.RelWithDebInfo|x64.ActiveCfg = RelWithDebInfo|x64
		{63F7445D-1CD9-3FD4-8B9E-3E9CF22820B1}.RelWithDebInfo|x64.Build.0 = RelWithDebInfo|x64
		{BCE3F08D-C286-3348-93D1-6A7C836C8A72}.Debug|x64.ActiveCfg = Debug|x64
		{BCE3F08D-C286-3348-93D1-6A7C836C8A72}.Debug|x64.Build.0 = Debug|x64
		{BCE3F08D-C286-3348-93D1-6A7C836C8A72}.Release|x64.ActiveCfg = Release|x64
		{BCE3F08D-C286-3348-93D1-6A7C836C8A72}.Release|x64.Build.0 = Release|x64
		{BCE3F08D-C286-3348-93D1-6A7C836C8A72}.MinSizeRel|x64.ActiveCfg = MinSizeRel|x64
		{BCE3F08D-C286-3348-93D1-6A7C836C8A72}.MinSizeRel|x64.Build.0 = MinSizeRel|x64
		{BCE3F08D-C286-3348-93D1-6A7C836C8A72}.RelWithDebInfo|x64.ActiveCfg = RelWithDebInfo|x64
		{BCE3F08D-C286-3348-93D1-6A7C836C8A72}.RelWithDebInfo|x64.Build.0 = RelWithDebInfo|x64
	EndGlobalSection
	GlobalSection(ExtensibilityGlobals) = postSolution
		SolutionGuid = {CD2AA01D-1AAB-3C9D-9F83-21081AADDFF0}
	EndGlobalSection
	GlobalSection(ExtensibilityAddIns) = postSolution
	EndGlobalSection
EndGlobal
